// !$*UTF8*$!
{
	archiveVersion = 1;
	classes = {
	};
	objectVersion = 55;
	objects = {

/* Begin PBXBuildFile section */
		3BCF863629E12EA0006959C6 /* AppDelegate.swift in Sources */ = {isa = PBXBuildFile; fileRef = 3BCF863529E12EA0006959C6 /* AppDelegate.swift */; };
		3BCF863829E12EA0006959C6 /* SceneDelegate.swift in Sources */ = {isa = PBXBuildFile; fileRef = 3BCF863729E12EA0006959C6 /* SceneDelegate.swift */; };
		3BCF863A29E12EA0006959C6 /* WeatherViewController.swift in Sources */ = {isa = PBXBuildFile; fileRef = 3BCF863929E12EA0006959C6 /* WeatherViewController.swift */; };
		3BCF863D29E12EA0006959C6 /* Main.storyboard in Resources */ = {isa = PBXBuildFile; fileRef = 3BCF863B29E12EA0006959C6 /* Main.storyboard */; };
		3BCF863F29E12EA1006959C6 /* Assets.xcassets in Resources */ = {isa = PBXBuildFile; fileRef = 3BCF863E29E12EA1006959C6 /* Assets.xcassets */; };
		3BCF864229E12EA1006959C6 /* LaunchScreen.storyboard in Resources */ = {isa = PBXBuildFile; fileRef = 3BCF864029E12EA1006959C6 /* LaunchScreen.storyboard */; };
		3BCF864D29E12EA1006959C6 /* WeatherPalTests.swift in Sources */ = {isa = PBXBuildFile; fileRef = 3BCF864C29E12EA1006959C6 /* WeatherPalTests.swift */; };
		3BCF865729E12EA1006959C6 /* WeatherPalUITests.swift in Sources */ = {isa = PBXBuildFile; fileRef = 3BCF865629E12EA1006959C6 /* WeatherPalUITests.swift */; };
		3BCF865929E12EA1006959C6 /* WeatherPalUITestsLaunchTests.swift in Sources */ = {isa = PBXBuildFile; fileRef = 3BCF865829E12EA1006959C6 /* WeatherPalUITestsLaunchTests.swift */; };
		3BCF866629E15A68006959C6 /* WeatherViewModel.swift in Sources */ = {isa = PBXBuildFile; fileRef = 3BCF866529E15A68006959C6 /* WeatherViewModel.swift */; };
		3BCF866929E166B7006959C6 /* WeatherModel.swift in Sources */ = {isa = PBXBuildFile; fileRef = 3BCF866829E166B7006959C6 /* WeatherModel.swift */; };
		3BCF866E29E1692A006959C6 /* Constants.swift in Sources */ = {isa = PBXBuildFile; fileRef = 3BCF866D29E1692A006959C6 /* Constants.swift */; };
/* End PBXBuildFile section */

/* Begin PBXContainerItemProxy section */
		3BCF864929E12EA1006959C6 /* PBXContainerItemProxy */ = {
			isa = PBXContainerItemProxy;
			containerPortal = 3BCF862A29E12EA0006959C6 /* Project object */;
			proxyType = 1;
			remoteGlobalIDString = 3BCF863129E12EA0006959C6;
			remoteInfo = WeatherPal;
		};
		3BCF865329E12EA1006959C6 /* PBXContainerItemProxy */ = {
			isa = PBXContainerItemProxy;
			containerPortal = 3BCF862A29E12EA0006959C6 /* Project object */;
			proxyType = 1;
			remoteGlobalIDString = 3BCF863129E12EA0006959C6;
			remoteInfo = WeatherPal;
		};
/* End PBXContainerItemProxy section */

/* Begin PBXFileReference section */
		3BCF863229E12EA0006959C6 /* WeatherPal.app */ = {isa = PBXFileReference; explicitFileType = wrapper.application; includeInIndex = 0; path = WeatherPal.app; sourceTree = BUILT_PRODUCTS_DIR; };
		3BCF863529E12EA0006959C6 /* AppDelegate.swift */ = {isa = PBXFileReference; lastKnownFileType = sourcecode.swift; path = AppDelegate.swift; sourceTree = "<group>"; };
		3BCF863729E12EA0006959C6 /* SceneDelegate.swift */ = {isa = PBXFileReference; lastKnownFileType = sourcecode.swift; path = SceneDelegate.swift; sourceTree = "<group>"; };
		3BCF863929E12EA0006959C6 /* WeatherViewController.swift */ = {isa = PBXFileReference; lastKnownFileType = sourcecode.swift; path = WeatherViewController.swift; sourceTree = "<group>"; };
		3BCF863C29E12EA0006959C6 /* Base */ = {isa = PBXFileReference; lastKnownFileType = file.storyboard; name = Base; path = Base.lproj/Main.storyboard; sourceTree = "<group>"; };
		3BCF863E29E12EA1006959C6 /* Assets.xcassets */ = {isa = PBXFileReference; lastKnownFileType = folder.assetcatalog; path = Assets.xcassets; sourceTree = "<group>"; };
		3BCF864129E12EA1006959C6 /* Base */ = {isa = PBXFileReference; lastKnownFileType = file.storyboard; name = Base; path = Base.lproj/LaunchScreen.storyboard; sourceTree = "<group>"; };
		3BCF864329E12EA1006959C6 /* Info.plist */ = {isa = PBXFileReference; lastKnownFileType = text.plist.xml; path = Info.plist; sourceTree = "<group>"; };
		3BCF864829E12EA1006959C6 /* WeatherPalTests.xctest */ = {isa = PBXFileReference; explicitFileType = wrapper.cfbundle; includeInIndex = 0; path = WeatherPalTests.xctest; sourceTree = BUILT_PRODUCTS_DIR; };
		3BCF864C29E12EA1006959C6 /* WeatherPalTests.swift */ = {isa = PBXFileReference; lastKnownFileType = sourcecode.swift; path = WeatherPalTests.swift; sourceTree = "<group>"; };
		3BCF865229E12EA1006959C6 /* WeatherPalUITests.xctest */ = {isa = PBXFileReference; explicitFileType = wrapper.cfbundle; includeInIndex = 0; path = WeatherPalUITests.xctest; sourceTree = BUILT_PRODUCTS_DIR; };
		3BCF865629E12EA1006959C6 /* WeatherPalUITests.swift */ = {isa = PBXFileReference; lastKnownFileType = sourcecode.swift; path = WeatherPalUITests.swift; sourceTree = "<group>"; };
		3BCF865829E12EA1006959C6 /* WeatherPalUITestsLaunchTests.swift */ = {isa = PBXFileReference; lastKnownFileType = sourcecode.swift; path = WeatherPalUITestsLaunchTests.swift; sourceTree = "<group>"; };
		3BCF866529E15A68006959C6 /* WeatherViewModel.swift */ = {isa = PBXFileReference; lastKnownFileType = sourcecode.swift; path = WeatherViewModel.swift; sourceTree = "<group>"; };
		3BCF866829E166B7006959C6 /* WeatherModel.swift */ = {isa = PBXFileReference; lastKnownFileType = sourcecode.swift; path = WeatherModel.swift; sourceTree = "<group>"; };
		3BCF866D29E1692A006959C6 /* Constants.swift */ = {isa = PBXFileReference; lastKnownFileType = sourcecode.swift; path = Constants.swift; sourceTree = "<group>"; };
/* End PBXFileReference section */

/* Begin PBXFrameworksBuildPhase section */
		3BCF862F29E12EA0006959C6 /* Frameworks */ = {
			isa = PBXFrameworksBuildPhase;
			buildActionMask = 2147483647;
			files = (
			);
			runOnlyForDeploymentPostprocessing = 0;
		};
		3BCF864529E12EA1006959C6 /* Frameworks */ = {
			isa = PBXFrameworksBuildPhase;
			buildActionMask = 2147483647;
			files = (
			);
			runOnlyForDeploymentPostprocessing = 0;
		};
		3BCF864F29E12EA1006959C6 /* Frameworks */ = {
			isa = PBXFrameworksBuildPhase;
			buildActionMask = 2147483647;
			files = (
			);
			runOnlyForDeploymentPostprocessing = 0;
		};
/* End PBXFrameworksBuildPhase section */

/* Begin PBXGroup section */
		3BCF862929E12EA0006959C6 = {
			isa = PBXGroup;
			children = (
				3BCF863429E12EA0006959C6 /* WeatherPal */,
				3BCF864B29E12EA1006959C6 /* WeatherPalTests */,
				3BCF865529E12EA1006959C6 /* WeatherPalUITests */,
				3BCF863329E12EA0006959C6 /* Products */,
			);
			sourceTree = "<group>";
		};
		3BCF863329E12EA0006959C6 /* Products */ = {
			isa = PBXGroup;
			children = (
				3BCF863229E12EA0006959C6 /* WeatherPal.app */,
				3BCF864829E12EA1006959C6 /* WeatherPalTests.xctest */,
				3BCF865229E12EA1006959C6 /* WeatherPalUITests.xctest */,
			);
			name = Products;
			sourceTree = "<group>";
		};
		3BCF863429E12EA0006959C6 /* WeatherPal */ = {
			isa = PBXGroup;
			children = (
				3BCF863529E12EA0006959C6 /* AppDelegate.swift */,
				3BCF863729E12EA0006959C6 /* SceneDelegate.swift */,
				3BCF863929E12EA0006959C6 /* WeatherViewController.swift */,
				3BCF866729E16699006959C6 /* Models */,
				3BCF866B29E167A9006959C6 /* ViewModel */,
				3BCF866C29E1690C006959C6 /* Helpers */,
				3BCF863B29E12EA0006959C6 /* Main.storyboard */,
				3BCF863E29E12EA1006959C6 /* Assets.xcassets */,
				3BCF864029E12EA1006959C6 /* LaunchScreen.storyboard */,
				3BCF864329E12EA1006959C6 /* Info.plist */,
			);
			path = WeatherPal;
			sourceTree = "<group>";
		};
		3BCF864B29E12EA1006959C6 /* WeatherPalTests */ = {
			isa = PBXGroup;
			children = (
				3BCF864C29E12EA1006959C6 /* WeatherPalTests.swift */,
			);
			path = WeatherPalTests;
			sourceTree = "<group>";
		};
		3BCF865529E12EA1006959C6 /* WeatherPalUITests */ = {
			isa = PBXGroup;
			children = (
				3BCF865629E12EA1006959C6 /* WeatherPalUITests.swift */,
				3BCF865829E12EA1006959C6 /* WeatherPalUITestsLaunchTests.swift */,
			);
			path = WeatherPalUITests;
			sourceTree = "<group>";
		};
		3BCF866729E16699006959C6 /* Models */ = {
			isa = PBXGroup;
			children = (
				3BCF866829E166B7006959C6 /* WeatherModel.swift */,
			);
			path = Models;
			sourceTree = "<group>";
		};
		3BCF866B29E167A9006959C6 /* ViewModel */ = {
			isa = PBXGroup;
			children = (
				3BCF866529E15A68006959C6 /* WeatherViewModel.swift */,
			);
			path = ViewModel;
			sourceTree = "<group>";
		};
		3BCF866C29E1690C006959C6 /* Helpers */ = {
			isa = PBXGroup;
			children = (
				3BCF866D29E1692A006959C6 /* Constants.swift */,
			);
			path = Helpers;
			sourceTree = "<group>";
		};
/* End PBXGroup section */

/* Begin PBXNativeTarget section */
		3BCF863129E12EA0006959C6 /* WeatherPal */ = {
			isa = PBXNativeTarget;
			buildConfigurationList = 3BCF865C29E12EA1006959C6 /* Build configuration list for PBXNativeTarget "WeatherPal" */;
			buildPhases = (
				3BCF862E29E12EA0006959C6 /* Sources */,
				3BCF862F29E12EA0006959C6 /* Frameworks */,
				3BCF863029E12EA0006959C6 /* Resources */,
			);
			buildRules = (
			);
			dependencies = (
			);
			name = WeatherPal;
			productName = WeatherPal;
			productReference = 3BCF863229E12EA0006959C6 /* WeatherPal.app */;
			productType = "com.apple.product-type.application";
		};
		3BCF864729E12EA1006959C6 /* WeatherPalTests */ = {
			isa = PBXNativeTarget;
			buildConfigurationList = 3BCF865F29E12EA1006959C6 /* Build configuration list for PBXNativeTarget "WeatherPalTests" */;
			buildPhases = (
				3BCF864429E12EA1006959C6 /* Sources */,
				3BCF864529E12EA1006959C6 /* Frameworks */,
				3BCF864629E12EA1006959C6 /* Resources */,
			);
			buildRules = (
			);
			dependencies = (
				3BCF864A29E12EA1006959C6 /* PBXTargetDependency */,
			);
			name = WeatherPalTests;
			productName = WeatherPalTests;
			productReference = 3BCF864829E12EA1006959C6 /* WeatherPalTests.xctest */;
			productType = "com.apple.product-type.bundle.unit-test";
		};
		3BCF865129E12EA1006959C6 /* WeatherPalUITests */ = {
			isa = PBXNativeTarget;
			buildConfigurationList = 3BCF866229E12EA1006959C6 /* Build configuration list for PBXNativeTarget "WeatherPalUITests" */;
			buildPhases = (
				3BCF864E29E12EA1006959C6 /* Sources */,
				3BCF864F29E12EA1006959C6 /* Frameworks */,
				3BCF865029E12EA1006959C6 /* Resources */,
			);
			buildRules = (
			);
			dependencies = (
				3BCF865429E12EA1006959C6 /* PBXTargetDependency */,
			);
			name = WeatherPalUITests;
			productName = WeatherPalUITests;
			productReference = 3BCF865229E12EA1006959C6 /* WeatherPalUITests.xctest */;
			productType = "com.apple.product-type.bundle.ui-testing";
		};
/* End PBXNativeTarget section */

/* Begin PBXProject section */
		3BCF862A29E12EA0006959C6 /* Project object */ = {
			isa = PBXProject;
			attributes = {
				BuildIndependentTargetsInParallel = 1;
				LastSwiftUpdateCheck = 1340;
				LastUpgradeCheck = 1340;
				TargetAttributes = {
					3BCF863129E12EA0006959C6 = {
						CreatedOnToolsVersion = 13.4.1;
					};
					3BCF864729E12EA1006959C6 = {
						CreatedOnToolsVersion = 13.4.1;
						TestTargetID = 3BCF863129E12EA0006959C6;
					};
					3BCF865129E12EA1006959C6 = {
						CreatedOnToolsVersion = 13.4.1;
						TestTargetID = 3BCF863129E12EA0006959C6;
					};
				};
			};
			buildConfigurationList = 3BCF862D29E12EA0006959C6 /* Build configuration list for PBXProject "WeatherPal" */;
			compatibilityVersion = "Xcode 13.0";
			developmentRegion = en;
			hasScannedForEncodings = 0;
			knownRegions = (
				en,
				Base,
			);
			mainGroup = 3BCF862929E12EA0006959C6;
			productRefGroup = 3BCF863329E12EA0006959C6 /* Products */;
			projectDirPath = "";
			projectRoot = "";
			targets = (
				3BCF863129E12EA0006959C6 /* WeatherPal */,
				3BCF864729E12EA1006959C6 /* WeatherPalTests */,
				3BCF865129E12EA1006959C6 /* WeatherPalUITests */,
			);
		};
/* End PBXProject section */

/* Begin PBXResourcesBuildPhase section */
		3BCF863029E12EA0006959C6 /* Resources */ = {
			isa = PBXResourcesBuildPhase;
			buildActionMask = 2147483647;
			files = (
				3BCF864229E12EA1006959C6 /* LaunchScreen.storyboard in Resources */,
				3BCF863F29E12EA1006959C6 /* Assets.xcassets in Resources */,
				3BCF863D29E12EA0006959C6 /* Main.storyboard in Resources */,
			);
			runOnlyForDeploymentPostprocessing = 0;
		};
		3BCF864629E12EA1006959C6 /* Resources */ = {
			isa = PBXResourcesBuildPhase;
			buildActionMask = 2147483647;
			files = (
			);
			runOnlyForDeploymentPostprocessing = 0;
		};
		3BCF865029E12EA1006959C6 /* Resources */ = {
			isa = PBXResourcesBuildPhase;
			buildActionMask = 2147483647;
			files = (
			);
			runOnlyForDeploymentPostprocessing = 0;
		};
/* End PBXResourcesBuildPhase section */

/* Begin PBXSourcesBuildPhase section */
		3BCF862E29E12EA0006959C6 /* Sources */ = {
			isa = PBXSourcesBuildPhase;
			buildActionMask = 2147483647;
			files = (
				3BCF863A29E12EA0006959C6 /* WeatherViewController.swift in Sources */,
				3BCF866629E15A68006959C6 /* WeatherViewModel.swift in Sources */,
				3BCF863629E12EA0006959C6 /* AppDelegate.swift in Sources */,
				3BCF863829E12EA0006959C6 /* SceneDelegate.swift in Sources */,
				3BCF866929E166B7006959C6 /* WeatherModel.swift in Sources */,
				3BCF866E29E1692A006959C6 /* Constants.swift in Sources */,
			);
			runOnlyForDeploymentPostprocessing = 0;
		};
		3BCF864429E12EA1006959C6 /* Sources */ = {
			isa = PBXSourcesBuildPhase;
			buildActionMask = 2147483647;
			files = (
				3BCF864D29E12EA1006959C6 /* WeatherPalTests.swift in Sources */,
			);
			runOnlyForDeploymentPostprocessing = 0;
		};
		3BCF864E29E12EA1006959C6 /* Sources */ = {
			isa = PBXSourcesBuildPhase;
			buildActionMask = 2147483647;
			files = (
				3BCF865729E12EA1006959C6 /* WeatherPalUITests.swift in Sources */,
				3BCF865929E12EA1006959C6 /* WeatherPalUITestsLaunchTests.swift in Sources */,
			);
			runOnlyForDeploymentPostprocessing = 0;
		};
/* End PBXSourcesBuildPhase section */

/* Begin PBXTargetDependency section */
		3BCF864A29E12EA1006959C6 /* PBXTargetDependency */ = {
			isa = PBXTargetDependency;
			target = 3BCF863129E12EA0006959C6 /* WeatherPal */;
			targetProxy = 3BCF864929E12EA1006959C6 /* PBXContainerItemProxy */;
		};
		3BCF865429E12EA1006959C6 /* PBXTargetDependency */ = {
			isa = PBXTargetDependency;
			target = 3BCF863129E12EA0006959C6 /* WeatherPal */;
			targetProxy = 3BCF865329E12EA1006959C6 /* PBXContainerItemProxy */;
		};
/* End PBXTargetDependency section */

/* Begin PBXVariantGroup section */
		3BCF863B29E12EA0006959C6 /* Main.storyboard */ = {
			isa = PBXVariantGroup;
			children = (
				3BCF863C29E12EA0006959C6 /* Base */,
			);
			name = Main.storyboard;
			sourceTree = "<group>";
		};
		3BCF864029E12EA1006959C6 /* LaunchScreen.storyboard */ = {
			isa = PBXVariantGroup;
			children = (
				3BCF864129E12EA1006959C6 /* Base */,
			);
			name = LaunchScreen.storyboard;
			sourceTree = "<group>";
		};
/* End PBXVariantGroup section */

/* Begin XCBuildConfiguration section */
		3BCF865A29E12EA1006959C6 /* Debug */ = {
			isa = XCBuildConfiguration;
			buildSettings = {
				ALWAYS_SEARCH_USER_PATHS = NO;
				CLANG_ANALYZER_NONNULL = YES;
				CLANG_ANALYZER_NUMBER_OBJECT_CONVERSION = YES_AGGRESSIVE;
				CLANG_CXX_LANGUAGE_STANDARD = "gnu++17";
				CLANG_ENABLE_MODULES = YES;
				CLANG_ENABLE_OBJC_ARC = YES;
				CLANG_ENABLE_OBJC_WEAK = YES;
				CLANG_WARN_BLOCK_CAPTURE_AUTORELEASING = YES;
				CLANG_WARN_BOOL_CONVERSION = YES;
				CLANG_WARN_COMMA = YES;
				CLANG_WARN_CONSTANT_CONVERSION = YES;
				CLANG_WARN_DEPRECATED_OBJC_IMPLEMENTATIONS = YES;
				CLANG_WARN_DIRECT_OBJC_ISA_USAGE = YES_ERROR;
				CLANG_WARN_DOCUMENTATION_COMMENTS = YES;
				CLANG_WARN_EMPTY_BODY = YES;
				CLANG_WARN_ENUM_CONVERSION = YES;
				CLANG_WARN_INFINITE_RECURSION = YES;
				CLANG_WARN_INT_CONVERSION = YES;
				CLANG_WARN_NON_LITERAL_NULL_CONVERSION = YES;
				CLANG_WARN_OBJC_IMPLICIT_RETAIN_SELF = YES;
				CLANG_WARN_OBJC_LITERAL_CONVERSION = YES;
				CLANG_WARN_OBJC_ROOT_CLASS = YES_ERROR;
				CLANG_WARN_QUOTED_INCLUDE_IN_FRAMEWORK_HEADER = YES;
				CLANG_WARN_RANGE_LOOP_ANALYSIS = YES;
				CLANG_WARN_STRICT_PROTOTYPES = YES;
				CLANG_WARN_SUSPICIOUS_MOVE = YES;
				CLANG_WARN_UNGUARDED_AVAILABILITY = YES_AGGRESSIVE;
				CLANG_WARN_UNREACHABLE_CODE = YES;
				CLANG_WARN__DUPLICATE_METHOD_MATCH = YES;
				COPY_PHASE_STRIP = NO;
				DEBUG_INFORMATION_FORMAT = dwarf;
				ENABLE_STRICT_OBJC_MSGSEND = YES;
				ENABLE_TESTABILITY = YES;
				GCC_C_LANGUAGE_STANDARD = gnu11;
				GCC_DYNAMIC_NO_PIC = NO;
				GCC_NO_COMMON_BLOCKS = YES;
				GCC_OPTIMIZATION_LEVEL = 0;
				GCC_PREPROCESSOR_DEFINITIONS = (
					"DEBUG=1",
					"$(inherited)",
				);
				GCC_WARN_64_TO_32_BIT_CONVERSION = YES;
				GCC_WARN_ABOUT_RETURN_TYPE = YES_ERROR;
				GCC_WARN_UNDECLARED_SELECTOR = YES;
				GCC_WARN_UNINITIALIZED_AUTOS = YES_AGGRESSIVE;
				GCC_WARN_UNUSED_FUNCTION = YES;
				GCC_WARN_UNUSED_VARIABLE = YES;
				IPHONEOS_DEPLOYMENT_TARGET = 15.5;
				MTL_ENABLE_DEBUG_INFO = INCLUDE_SOURCE;
				MTL_FAST_MATH = YES;
				ONLY_ACTIVE_ARCH = YES;
				SDKROOT = iphoneos;
				SWIFT_ACTIVE_COMPILATION_CONDITIONS = DEBUG;
				SWIFT_OPTIMIZATION_LEVEL = "-Onone";
			};
			name = Debug;
		};
		3BCF865B29E12EA1006959C6 /* Release */ = {
			isa = XCBuildConfiguration;
			buildSettings = {
				ALWAYS_SEARCH_USER_PATHS = NO;
				CLANG_ANALYZER_NONNULL = YES;
				CLANG_ANALYZER_NUMBER_OBJECT_CONVERSION = YES_AGGRESSIVE;
				CLANG_CXX_LANGUAGE_STANDARD = "gnu++17";
				CLANG_ENABLE_MODULES = YES;
				CLANG_ENABLE_OBJC_ARC = YES;
				CLANG_ENABLE_OBJC_WEAK = YES;
				CLANG_WARN_BLOCK_CAPTURE_AUTORELEASING = YES;
				CLANG_WARN_BOOL_CONVERSION = YES;
				CLANG_WARN_COMMA = YES;
				CLANG_WARN_CONSTANT_CONVERSION = YES;
				CLANG_WARN_DEPRECATED_OBJC_IMPLEMENTATIONS = YES;
				CLANG_WARN_DIRECT_OBJC_ISA_USAGE = YES_ERROR;
				CLANG_WARN_DOCUMENTATION_COMMENTS = YES;
				CLANG_WARN_EMPTY_BODY = YES;
				CLANG_WARN_ENUM_CONVERSION = YES;
				CLANG_WARN_INFINITE_RECURSION = YES;
				CLANG_WARN_INT_CONVERSION = YES;
				CLANG_WARN_NON_LITERAL_NULL_CONVERSION = YES;
				CLANG_WARN_OBJC_IMPLICIT_RETAIN_SELF = YES;
				CLANG_WARN_OBJC_LITERAL_CONVERSION = YES;
				CLANG_WARN_OBJC_ROOT_CLASS = YES_ERROR;
				CLANG_WARN_QUOTED_INCLUDE_IN_FRAMEWORK_HEADER = YES;
				CLANG_WARN_RANGE_LOOP_ANALYSIS = YES;
				CLANG_WARN_STRICT_PROTOTYPES = YES;
				CLANG_WARN_SUSPICIOUS_MOVE = YES;
				CLANG_WARN_UNGUARDED_AVAILABILITY = YES_AGGRESSIVE;
				CLANG_WARN_UNREACHABLE_CODE = YES;
				CLANG_WARN__DUPLICATE_METHOD_MATCH = YES;
				COPY_PHASE_STRIP = NO;
				DEBUG_INFORMATION_FORMAT = "dwarf-with-dsym";
				ENABLE_NS_ASSERTIONS = NO;
				ENABLE_STRICT_OBJC_MSGSEND = YES;
				GCC_C_LANGUAGE_STANDARD = gnu11;
				GCC_NO_COMMON_BLOCKS = YES;
				GCC_WARN_64_TO_32_BIT_CONVERSION = YES;
				GCC_WARN_ABOUT_RETURN_TYPE = YES_ERROR;
				GCC_WARN_UNDECLARED_SELECTOR = YES;
				GCC_WARN_UNINITIALIZED_AUTOS = YES_AGGRESSIVE;
				GCC_WARN_UNUSED_FUNCTION = YES;
				GCC_WARN_UNUSED_VARIABLE = YES;
				IPHONEOS_DEPLOYMENT_TARGET = 15.5;
				MTL_ENABLE_DEBUG_INFO = NO;
				MTL_FAST_MATH = YES;
				SDKROOT = iphoneos;
				SWIFT_COMPILATION_MODE = wholemodule;
				SWIFT_OPTIMIZATION_LEVEL = "-O";
				VALIDATE_PRODUCT = YES;
			};
			name = Release;
		};
		3BCF865D29E12EA1006959C6 /* Debug */ = {
			isa = XCBuildConfiguration;
			buildSettings = {
				ASSETCATALOG_COMPILER_APPICON_NAME = AppIcon;
				ASSETCATALOG_COMPILER_GLOBAL_ACCENT_COLOR_NAME = AccentColor;
				CODE_SIGN_STYLE = Automatic;
				CURRENT_PROJECT_VERSION = 1;
				DEVELOPMENT_TEAM = ZP93M6BWTM;
				GENERATE_INFOPLIST_FILE = YES;
				INFOPLIST_FILE = WeatherPal/Info.plist;
				INFOPLIST_KEY_UIApplicationSupportsIndirectInputEvents = YES;
				INFOPLIST_KEY_UILaunchStoryboardName = LaunchScreen;
				INFOPLIST_KEY_UIMainStoryboardFile = Main;
				INFOPLIST_KEY_UISupportedInterfaceOrientations_iPad = "UIInterfaceOrientationPortrait UIInterfaceOrientationPortraitUpsideDown UIInterfaceOrientationLandscapeLeft UIInterfaceOrientationLandscapeRight";
				INFOPLIST_KEY_UISupportedInterfaceOrientations_iPhone = "UIInterfaceOrientationPortrait UIInterfaceOrientationLandscapeLeft UIInterfaceOrientationLandscapeRight";
				LD_RUNPATH_SEARCH_PATHS = (
					"$(inherited)",
					"@executable_path/Frameworks",
				);
				MARKETING_VERSION = 1.0;
				PRODUCT_BUNDLE_IDENTIFIER = Prem.WeatherPal;
				PRODUCT_NAME = "$(TARGET_NAME)";
				SWIFT_EMIT_LOC_STRINGS = YES;
				SWIFT_VERSION = 5.0;
				TARGETED_DEVICE_FAMILY = "1,2";
			};
			name = Debug;
		};
		3BCF865E29E12EA1006959C6 /* Release */ = {
			isa = XCBuildConfiguration;
			buildSettings = {
				ASSETCATALOG_COMPILER_APPICON_NAME = AppIcon;
				ASSETCATALOG_COMPILER_GLOBAL_ACCENT_COLOR_NAME = AccentColor;
				CODE_SIGN_STYLE = Automatic;
				CURRENT_PROJECT_VERSION = 1;
				DEVELOPMENT_TEAM = ZP93M6BWTM;
				GENERATE_INFOPLIST_FILE = YES;
				INFOPLIST_FILE = WeatherPal/Info.plist;
				INFOPLIST_KEY_UIApplicationSupportsIndirectInputEvents = YES;
				INFOPLIST_KEY_UILaunchStoryboardName = LaunchScreen;
				INFOPLIST_KEY_UIMainStoryboardFile = Main;
				INFOPLIST_KEY_UISupportedInterfaceOrientations_iPad = "UIInterfaceOrientationPortrait UIInterfaceOrientationPortraitUpsideDown UIInterfaceOrientationLandscapeLeft UIInterfaceOrientationLandscapeRight";
				INFOPLIST_KEY_UISupportedInterfaceOrientations_iPhone = "UIInterfaceOrientationPortrait UIInterfaceOrientationLandscapeLeft UIInterfaceOrientationLandscapeRight";
				LD_RUNPATH_SEARCH_PATHS = (
					"$(inherited)",
					"@executable_path/Frameworks",
				);
				MARKETING_VERSION = 1.0;
				PRODUCT_BUNDLE_IDENTIFIER = Prem.WeatherPal;
				PRODUCT_NAME = "$(TARGET_NAME)";
				SWIFT_EMIT_LOC_STRINGS = YES;
				SWIFT_VERSION = 5.0;
				TARGETED_DEVICE_FAMILY = "1,2";
			};
			name = Release;
		};
		3BCF866029E12EA1006959C6 /* Debug */ = {
			isa = XCBuildConfiguration;
			buildSettings = {
				ALWAYS_EMBED_SWIFT_STANDARD_LIBRARIES = YES;
				BUNDLE_LOADER = "$(TEST_HOST)";
				CODE_SIGN_STYLE = Automatic;
				CURRENT_PROJECT_VERSION = 1;
				DEVELOPMENT_TEAM = ZP93M6BWTM;
				GENERATE_INFOPLIST_FILE = YES;
				IPHONEOS_DEPLOYMENT_TARGET = 15.5;
				MARKETING_VERSION = 1.0;
				PRODUCT_BUNDLE_IDENTIFIER = Prem.WeatherPalTests;
				PRODUCT_NAME = "$(TARGET_NAME)";
				SWIFT_EMIT_LOC_STRINGS = NO;
				SWIFT_VERSION = 5.0;
				TARGETED_DEVICE_FAMILY = "1,2";
				TEST_HOST = "$(BUILT_PRODUCTS_DIR)/WeatherPal.app/WeatherPal";
			};
			name = Debug;
		};
		3BCF866129E12EA1006959C6 /* Release */ = {
			isa = XCBuildConfiguration;
			buildSettings = {
				ALWAYS_EMBED_SWIFT_STANDARD_LIBRARIES = YES;
				BUNDLE_LOADER = "$(TEST_HOST)";
				CODE_SIGN_STYLE = Automatic;
				CURRENT_PROJECT_VERSION = 1;
				DEVELOPMENT_TEAM = ZP93M6BWTM;
				GENERATE_INFOPLIST_FILE = YES;
				IPHONEOS_DEPLOYMENT_TARGET = 15.5;
				MARKETING_VERSION = 1.0;
				PRODUCT_BUNDLE_IDENTIFIER = Prem.WeatherPalTests;
				PRODUCT_NAME = "$(TARGET_NAME)";
				SWIFT_EMIT_LOC_STRINGS = NO;
				SWIFT_VERSION = 5.0;
				TARGETED_DEVICE_FAMILY = "1,2";
				TEST_HOST = "$(BUILT_PRODUCTS_DIR)/WeatherPal.app/WeatherPal";
			};
			name = Release;
		};
		3BCF866329E12EA1006959C6 /* Debug */ = {
			isa = XCBuildConfiguration;
			buildSettings = {
				ALWAYS_EMBED_SWIFT_STANDARD_LIBRARIES = YES;
				CODE_SIGN_STYLE = Automatic;
				CURRENT_PROJECT_VERSION = 1;
				DEVELOPMENT_TEAM = ZP93M6BWTM;
				GENERATE_INFOPLIST_FILE = YES;
				MARKETING_VERSION = 1.0;
				PRODUCT_BUNDLE_IDENTIFIER = Prem.WeatherPalUITests;
				PRODUCT_NAME = "$(TARGET_NAME)";
				SWIFT_EMIT_LOC_STRINGS = NO;
				SWIFT_VERSION = 5.0;
				TARGETED_DEVICE_FAMILY = "1,2";
				TEST_TARGET_NAME = WeatherPal;
			};
			name = Debug;
		};
		3BCF866429E12EA1006959C6 /* Release */ = {
			isa = XCBuildConfiguration;
			buildSettings = {
				ALWAYS_EMBED_SWIFT_STANDARD_LIBRARIES = YES;
				CODE_SIGN_STYLE = Automatic;
				CURRENT_PROJECT_VERSION = 1;
				DEVELOPMENT_TEAM = ZP93M6BWTM;
				GENERATE_INFOPLIST_FILE = YES;
				MARKETING_VERSION = 1.0;
				PRODUCT_BUNDLE_IDENTIFIER = Prem.WeatherPalUITests;
				PRODUCT_NAME = "$(TARGET_NAME)";
				SWIFT_EMIT_LOC_STRINGS = NO;
				SWIFT_VERSION = 5.0;
				TARGETED_DEVICE_FAMILY = "1,2";
				TEST_TARGET_NAME = WeatherPal;
			};
			name = Release;
		};
/* End XCBuildConfiguration section */

/* Begin XCConfigurationList section */
		3BCF862D29E12EA0006959C6 /* Build configuration list for PBXProject "WeatherPal" */ = {
			isa = XCConfigurationList;
			buildConfigurations = (
				3BCF865A29E12EA1006959C6 /* Debug */,
				3BCF865B29E12EA1006959C6 /* Release */,
			);
			defaultConfigurationIsVisible = 0;
			defaultConfigurationName = Release;
		};
		3BCF865C29E12EA1006959C6 /* Build configuration list for PBXNativeTarget "WeatherPal" */ = {
			isa = XCConfigurationList;
			buildConfigurations = (
				3BCF865D29E12EA1006959C6 /* Debug */,
				3BCF865E29E12EA1006959C6 /* Release */,
			);
			defaultConfigurationIsVisible = 0;
			defaultConfigurationName = Release;
		};
		3BCF865F29E12EA1006959C6 /* Build configuration list for PBXNativeTarget "WeatherPalTests" */ = {
			isa = XCConfigurationList;
			buildConfigurations = (
				3BCF866029E12EA1006959C6 /* Debug */,
				3BCF866129E12EA1006959C6 /* Release */,
			);
			defaultConfigurationIsVisible = 0;
			defaultConfigurationName = Release;
		};
		3BCF866229E12EA1006959C6 /* Build configuration list for PBXNativeTarget "WeatherPalUITests" */ = {
			isa = XCConfigurationList;
			buildConfigurations = (
				3BCF866329E12EA1006959C6 /* Debug */,
				3BCF866429E12EA1006959C6 /* Release */,
			);
			defaultConfigurationIsVisible = 0;
			defaultConfigurationName = Release;
		};
/* End XCConfigurationList section */
	};
	rootObject = 3BCF862A29E12EA0006959C6 /* Project object */;
}
